
Microsoft Visual Studio Solution File, Format Version 12.00
Project("{FAE04EC0-301F-11D3-BF4B-00C04F79EFBC}") = "ImplicitExplicitConversionShenanigans", "ImplicitExplicitConversionShenanigans\ImplicitExplicitConversionShenanigans.csproj", "{4BCC7BE9-8812-40EE-A4F5-AB1BF26248DF}"
EndProject
Global
	GlobalSection(SolutionConfigurationPlatforms) = preSolution
		Debug|Any CPU = Debug|Any CPU
		Release|Any CPU = Release|Any CPU
	EndGlobalSection
	GlobalSection(ProjectConfigurationPlatforms) = postSolution
		{4BCC7BE9-8812-40EE-A4F5-AB1BF26248DF}.Debug|Any CPU.ActiveCfg = Debug|Any CPU
		{4BCC7BE9-8812-40EE-A4F5-AB1BF26248DF}.Debug|Any CPU.Build.0 = Debug|Any CPU
		{4BCC7BE9-8812-40EE-A4F5-AB1BF26248DF}.Release|Any CPU.ActiveCfg = Release|Any CPU
		{4BCC7BE9-8812-40EE-A4F5-AB1BF26248DF}.Release|Any CPU.Build.0 = Release|Any CPU
	EndGlobalSection
EndGlobal
